Microsoft Visual Studio Solution File, Format Version 9.00
# Visual Studio 2005
Project("{8BC9CEB8-8B4A-11D0-8D11-00A0C91BC942}") = "targetServer", "targetServer\targetServer.vcproj", "{79A49402-42FA-4AF0-8139-DD8EC26D57BF}"
	ProjectSection(ProjectDependencies) = postProject
		{A87B7D05-9A98-4201-AC2F-B9D2BBB82D47} = {A87B7D05-9A98-4201-AC2F-B9D2BBB82D47}
		{DB487512-8D32-4118-99CE-842ABBE82CD5} = {DB487512-8D32-4118-99CE-842ABBE82CD5}
		{2CA01A15-994D-3596-AC69-28CA8D476D3A} = {2CA01A15-994D-3596-AC69-28CA8D476D3A}
		{7B3B3519-9323-3BBA-864A-08D452AB6D2F} = {7B3B3519-9323-3BBA-864A-08D452AB6D2F}
		{1D1B4735-4EC7-4173-92EC-0BB3CF808CC5} = {1D1B4735-4EC7-4173-92EC-0BB3CF808CC5}
		{3871FBCB-0A87-4F3B-92DF-42104111DE90} = {3871FBCB-0A87-4F3B-92DF-42104111DE90}
		{95AF8EFC-FF1E-3944-9F09-591D26BFB2ED} = {95AF8EFC-FF1E-3944-9F09-591D26BFB2ED}
	EndProjectSection
EndProject
Project("{8BC9CEB8-8B4A-11D0-8D11-00A0C91BC942}") = "TsApi", "tsApi\tsApi.vcproj", "{DB487512-8D32-4118-99CE-842ABBE82CD5}"
	ProjectSection(ProjectDependencies) = postProject
		{1D1B4735-4EC7-4173-92EC-0BB3CF808CC5} = {1D1B4735-4EC7-4173-92EC-0BB3CF808CC5}
	EndProjectSection
EndProject
Project("{8BC9CEB8-8B4A-11D0-8D11-00A0C91BC942}") = "TraServer", "traServer\traServer.vcproj", "{A87B7D05-9A98-4201-AC2F-B9D2BBB82D47}"
	ProjectSection(ProjectDependencies) = postProject
		{2CA01A15-994D-3596-AC69-28CA8D476D3A} = {2CA01A15-994D-3596-AC69-28CA8D476D3A}
		{1D1B4735-4EC7-4173-92EC-0BB3CF808CC5} = {1D1B4735-4EC7-4173-92EC-0BB3CF808CC5}
	EndProjectSection
EndProject
Project("{8BC9CEB8-8B4A-11D0-8D11-00A0C91BC942}") = "IceServer", "IceServer\IceServer.vcproj", "{3871FBCB-0A87-4F3B-92DF-42104111DE90}"
	ProjectSection(ProjectDependencies) = postProject
		{2CA01A15-994D-3596-AC69-28CA8D476D3A} = {2CA01A15-994D-3596-AC69-28CA8D476D3A}
		{7B3B3519-9323-3BBA-864A-08D452AB6D2F} = {7B3B3519-9323-3BBA-864A-08D452AB6D2F}
		{1D1B4735-4EC7-4173-92EC-0BB3CF808CC5} = {1D1B4735-4EC7-4173-92EC-0BB3CF808CC5}
		{95AF8EFC-FF1E-3944-9F09-591D26BFB2ED} = {95AF8EFC-FF1E-3944-9F09-591D26BFB2ED}
	EndProjectSection
EndProject
Project("{8BC9CEB8-8B4A-11D0-8D11-00A0C91BC942}") = "QtCore", "corelib\QtCore.vcproj", "{2CA01A15-994D-3596-AC69-28CA8D476D3A}"
	ProjectSection(ProjectDependencies) = postProject
		{7DB97E1B-4044-3042-A32F-5B11CEA4E754} = {7DB97E1B-4044-3042-A32F-5B11CEA4E754}
	EndProjectSection
EndProject
Project("{8BC9CEB8-8B4A-11D0-8D11-00A0C91BC942}") = "QtXml", "xml\QtXml.vcproj", "{7B3B3519-9323-3BBA-864A-08D452AB6D2F}"
	ProjectSection(ProjectDependencies) = postProject
		{2CA01A15-994D-3596-AC69-28CA8D476D3A} = {2CA01A15-994D-3596-AC69-28CA8D476D3A}
	EndProjectSection
EndProject
Project("{8BC9CEB8-8B4A-11D0-8D11-00A0C91BC942}") = "qtmain", "winmain\qtmain.vcproj", "{95AF8EFC-FF1E-3944-9F09-591D26BFB2ED}"
EndProject
Project("{8BC9CEB8-8B4A-11D0-8D11-00A0C91BC942}") = "moc", "tools\moc\moc.vcproj", "{7DB97E1B-4044-3042-A32F-5B11CEA4E754}"
EndProject
Project("{8BC9CEB8-8B4A-11D0-8D11-00A0C91BC942}") = "RspAdapter", "RspAdapter\RspAdapter.vcproj", "{6069EC3D-5E65-43FC-8025-0C289BB92361}"
	ProjectSection(ProjectDependencies) = postProject
		{1D1B4735-4EC7-4173-92EC-0BB3CF808CC5} = {1D1B4735-4EC7-4173-92EC-0BB3CF808CC5}
	EndProjectSection
EndProject
Project("{8BC9CEB8-8B4A-11D0-8D11-00A0C91BC942}") = "TmBase", "TmBase\TMBase.vcproj", "{1D1B4735-4EC7-4173-92EC-0BB3CF808CC5}"
EndProject
Project("{8BC9CEB8-8B4A-11D0-8D11-00A0C91BC942}") = "tsmap", "tsmap\tsmap.vcproj", "{59980BC8-F1F8-4699-A34E-7CA92871F04E}"
	ProjectSection(ProjectDependencies) = postProject
		{1D1B4735-4EC7-4173-92EC-0BB3CF808CC5} = {1D1B4735-4EC7-4173-92EC-0BB3CF808CC5}
	EndProjectSection
EndProject
Project("{8BC9CEB8-8B4A-11D0-8D11-00A0C91BC942}") = "RspStdDll", "RspStdDll\RspStdDll.vcproj", "{20B18A68-1A57-4924-A703-746465689AD5}"
	ProjectSection(ProjectDependencies) = postProject
		{1D1B4735-4EC7-4173-92EC-0BB3CF808CC5} = {1D1B4735-4EC7-4173-92EC-0BB3CF808CC5}
	EndProjectSection
EndProject
Global
	GlobalSection(SolutionConfigurationPlatforms) = preSolution
		Debug|Win32 = Debug|Win32
		Release|Win32 = Release|Win32
	EndGlobalSection
	GlobalSection(ProjectConfigurationPlatforms) = postSolution
		{79A49402-42FA-4AF0-8139-DD8EC26D57BF}.Debug|Win32.ActiveCfg = Debug|Win32
		{79A49402-42FA-4AF0-8139-DD8EC26D57BF}.Debug|Win32.Build.0 = Debug|Win32
		{79A49402-42FA-4AF0-8139-DD8EC26D57BF}.Release|Win32.ActiveCfg = Release|Win32
		{79A49402-42FA-4AF0-8139-DD8EC26D57BF}.Release|Win32.Build.0 = Release|Win32
		{DB487512-8D32-4118-99CE-842ABBE82CD5}.Debug|Win32.ActiveCfg = Debug|Win32
		{DB487512-8D32-4118-99CE-842ABBE82CD5}.Debug|Win32.Build.0 = Debug|Win32
		{DB487512-8D32-4118-99CE-842ABBE82CD5}.Release|Win32.ActiveCfg = Release|Win32
		{DB487512-8D32-4118-99CE-842ABBE82CD5}.Release|Win32.Build.0 = Release|Win32
		{A87B7D05-9A98-4201-AC2F-B9D2BBB82D47}.Debug|Win32.ActiveCfg = Debug|Win32
		{A87B7D05-9A98-4201-AC2F-B9D2BBB82D47}.Debug|Win32.Build.0 = Debug|Win32
		{A87B7D05-9A98-4201-AC2F-B9D2BBB82D47}.Release|Win32.ActiveCfg = Release|Win32
		{A87B7D05-9A98-4201-AC2F-B9D2BBB82D47}.Release|Win32.Build.0 = Release|Win32
		{3871FBCB-0A87-4F3B-92DF-42104111DE90}.Debug|Win32.ActiveCfg = Debug|Win32
		{3871FBCB-0A87-4F3B-92DF-42104111DE90}.Debug|Win32.Build.0 = Debug|Win32
		{3871FBCB-0A87-4F3B-92DF-42104111DE90}.Release|Win32.ActiveCfg = Release|Win32
		{3871FBCB-0A87-4F3B-92DF-42104111DE90}.Release|Win32.Build.0 = Release|Win32
		{2CA01A15-994D-3596-AC69-28CA8D476D3A}.Debug|Win32.ActiveCfg = Debug|Win32
		{2CA01A15-994D-3596-AC69-28CA8D476D3A}.Debug|Win32.Build.0 = Debug|Win32
		{2CA01A15-994D-3596-AC69-28CA8D476D3A}.Release|Win32.ActiveCfg = Release|Win32
		{2CA01A15-994D-3596-AC69-28CA8D476D3A}.Release|Win32.Build.0 = Release|Win32
		{7B3B3519-9323-3BBA-864A-08D452AB6D2F}.Debug|Win32.ActiveCfg = Debug|Win32
		{7B3B3519-9323-3BBA-864A-08D452AB6D2F}.Debug|Win32.Build.0 = Debug|Win32
		{7B3B3519-9323-3BBA-864A-08D452AB6D2F}.Release|Win32.ActiveCfg = Release|Win32
		{7B3B3519-9323-3BBA-864A-08D452AB6D2F}.Release|Win32.Build.0 = Release|Win32
		{95AF8EFC-FF1E-3944-9F09-591D26BFB2ED}.Debug|Win32.ActiveCfg = Debug|Win32
		{95AF8EFC-FF1E-3944-9F09-591D26BFB2ED}.Debug|Win32.Build.0 = Debug|Win32
		{95AF8EFC-FF1E-3944-9F09-591D26BFB2ED}.Release|Win32.ActiveCfg = Release|Win32
		{95AF8EFC-FF1E-3944-9F09-591D26BFB2ED}.Release|Win32.Build.0 = Release|Win32
		{7DB97E1B-4044-3042-A32F-5B11CEA4E754}.Debug|Win32.ActiveCfg = Debug|Win32
		{7DB97E1B-4044-3042-A32F-5B11CEA4E754}.Debug|Win32.Build.0 = Debug|Win32
		{7DB97E1B-4044-3042-A32F-5B11CEA4E754}.Release|Win32.ActiveCfg = Release|Win32
		{7DB97E1B-4044-3042-A32F-5B11CEA4E754}.Release|Win32.Build.0 = Release|Win32
		{6069EC3D-5E65-43FC-8025-0C289BB92361}.Debug|Win32.ActiveCfg = Debug|Win32
		{6069EC3D-5E65-43FC-8025-0C289BB92361}.Debug|Win32.Build.0 = Debug|Win32
		{6069EC3D-5E65-43FC-8025-0C289BB92361}.Release|Win32.ActiveCfg = Release|Win32
		{6069EC3D-5E65-43FC-8025-0C289BB92361}.Release|Win32.Build.0 = Release|Win32
		{1D1B4735-4EC7-4173-92EC-0BB3CF808CC5}.Debug|Win32.ActiveCfg = Debug|Win32
		{1D1B4735-4EC7-4173-92EC-0BB3CF808CC5}.Debug|Win32.Build.0 = Debug|Win32
		{1D1B4735-4EC7-4173-92EC-0BB3CF808CC5}.Release|Win32.ActiveCfg = Release|Win32
		{1D1B4735-4EC7-4173-92EC-0BB3CF808CC5}.Release|Win32.Build.0 = Release|Win32
		{59980BC8-F1F8-4699-A34E-7CA92871F04E}.Debug|Win32.ActiveCfg = Debug|Win32
		{59980BC8-F1F8-4699-A34E-7CA92871F04E}.Debug|Win32.Build.0 = Debug|Win32
		{59980BC8-F1F8-4699-A34E-7CA92871F04E}.Release|Win32.ActiveCfg = Release|Win32
		{59980BC8-F1F8-4699-A34E-7CA92871F04E}.Release|Win32.Build.0 = Release|Win32
		{20B18A68-1A57-4924-A703-746465689AD5}.Debug|Win32.ActiveCfg = Debug|Win32
		{20B18A68-1A57-4924-A703-746465689AD5}.Debug|Win32.Build.0 = Debug|Win32
		{20B18A68-1A57-4924-A703-746465689AD5}.Release|Win32.ActiveCfg = Release|Win32
		{20B18A68-1A57-4924-A703-746465689AD5}.Release|Win32.Build.0 = Release|Win32
	EndGlobalSection
	GlobalSection(SolutionProperties) = preSolution
		HideSolutionNode = FALSE
	EndGlobalSection
EndGlobal
